PODS:
  - Alamofire (5.0.5)
  - CryptoSwift (0.7.2)
  - Firebase (7.0.0):
    - Firebase/Core (= 7.0.0)
  - Firebase/Core (7.0.0):
    - Firebase/CoreOnly
    - FirebaseAnalytics (= 7.0.0)
  - Firebase/CoreOnly (7.0.0):
    - FirebaseCore (= 7.0.0)
  - FirebaseAnalytics (7.0.0):
    - FirebaseCore (~> 7.0)
    - FirebaseInstallations (~> 7.0)
    - GoogleAppMeasurement (= 7.0.0)
    - GoogleUtilities/AppDelegateSwizzler (~> 7.0)
    - GoogleUtilities/MethodSwizzler (~> 7.0)
    - GoogleUtilities/Network (~> 7.0)
    - "GoogleUtilities/NSData+zlib (~> 7.0)"
    - nanopb (~> 2.30906.0)
  - FirebaseCore (7.0.0):
    - FirebaseCoreDiagnostics (~> 7.0)
    - GoogleUtilities/Environment (~> 7.0)
    - GoogleUtilities/Logger (~> 7.0)
  - FirebaseCoreDiagnostics (7.0.0):
    - GoogleDataTransport (~> 8.0)
    - GoogleUtilities/Environment (~> 7.0)
    - GoogleUtilities/Logger (~> 7.0)
    - nanopb (~> 2.30906.0)
  - FirebaseInstallations (7.0.0):
    - FirebaseCore (~> 7.0)
    - GoogleUtilities/Environment (~> 7.0)
    - GoogleUtilities/UserDefaults (~> 7.0)
    - PromisesObjC (~> 1.2)
  - GoogleAppMeasurement (7.0.0):
    - GoogleUtilities/AppDelegateSwizzler (~> 7.0)
    - GoogleUtilities/MethodSwizzler (~> 7.0)
    - GoogleUtilities/Network (~> 7.0)
    - "GoogleUtilities/NSData+zlib (~> 7.0)"
    - nanopb (~> 2.30906.0)
  - GoogleDataTransport (8.0.0):
    - nanopb (~> 2.30906.0)
  - GoogleUtilities/AppDelegateSwizzler (7.0.0):
    - GoogleUtilities/Environment
    - GoogleUtilities/Logger
    - GoogleUtilities/Network
  - GoogleUtilities/Environment (7.0.0):
    - PromisesObjC (~> 1.2)
  - GoogleUtilities/Logger (7.0.0):
    - GoogleUtilities/Environment
  - GoogleUtilities/MethodSwizzler (7.0.0):
    - GoogleUtilities/Logger
  - GoogleUtilities/Network (7.0.0):
    - GoogleUtilities/Logger
    - "GoogleUtilities/NSData+zlib"
    - GoogleUtilities/Reachability
  - "GoogleUtilities/NSData+zlib (7.0.0)"
  - GoogleUtilities/Reachability (7.0.0):
    - GoogleUtilities/Logger
  - GoogleUtilities/UserDefaults (7.0.0):
    - GoogleUtilities/Logger
  - nanopb (2.30906.0):
    - nanopb/decode (= 2.30906.0)
    - nanopb/encode (= 2.30906.0)
  - nanopb/decode (2.30906.0)
  - nanopb/encode (2.30906.0)
  - NetworkKit (0.0.1):
    - Alamofire (~> 5.0.0-rc.2)
  - PromisesObjC (1.2.11)
  - SFBaseKit (2.2.0)
  - SFLoggingKit (1.0.3)
  - SwiftLint (0.40.3)
  - UpnetixLocalizer (2.1.3):
    - CryptoSwift (~> 0.7.1)
  - UpnetixSystemAlertQueue (1.2.0)

DEPENDENCIES:
  - Firebase
  - NetworkKit (from `ModuleFrameworks/NetworkKit`)
  - SFBaseKit
  - SFLoggingKit (~> 1.0.3)
  - SwiftLint (~> 0.40.3)
  - UpnetixLocalizer (= 2.1.3)
  - UpnetixSystemAlertQueue (~> 1.2.0)

SPEC REPOS:
  https://bitbucket.scalefocus.com/scm/il/podspecrepo.git:
    - UpnetixLocalizer
    - UpnetixSystemAlertQueue
  https://github.com/CocoaPods/Specs.git:
    - Alamofire
    - CryptoSwift
    - Firebase
    - FirebaseAnalytics
    - FirebaseCore
    - FirebaseCoreDiagnostics
    - FirebaseInstallations
    - GoogleAppMeasurement
    - GoogleDataTransport
    - GoogleUtilities
    - nanopb
    - PromisesObjC
    - SFBaseKit
    - SFLoggingKit
    - SwiftLint

EXTERNAL SOURCES:
  NetworkKit:
    :path: ModuleFrameworks/NetworkKit

SPEC CHECKSUMS:
  Alamofire: df2f8f826963b08b9a870791ad48e07a10090b2e
  CryptoSwift: cd2158be2bf639aabc63ec804707c7137c90157c
  Firebase: 50be68416f50eb4eb2ecb0e78acab9a051ef95df
  FirebaseAnalytics: c1166b7990bae464c6436132510bb718c6680f80
  FirebaseCore: cf3122185fce1cf71cedbbc498ea84d2b3e7cb69
  FirebaseCoreDiagnostics: 5f4aa04fdb04923693cc704c7ef9158bdf41a48b
  FirebaseInstallations: c28d4bcbb5c6884d1a39afbc0bd7fc590e31e9b7
  GoogleAppMeasurement: 7790ef975d1d463c8614cd949a847e612edf087a
  GoogleDataTransport: 6ce8004a961db1b905740d7be106c61ba7e89c21
  GoogleUtilities: ffb2f4159f2c897c6e8992bd7fbcdef8a300589c
  nanopb: 1bf24dd71191072e120b83dd02d08f3da0d65e53
  NetworkKit: ca151b434a344313df5f1c0c2a4c37c67ee29547
  PromisesObjC: 8c196f5a328c2cba3e74624585467a557dcb482f
  SFBaseKit: f4519fde4d5212d564312b31b0445c5fbfed9a27
  SFLoggingKit: 33efe6f4ae394bd975367209de4cbe630dc6a1f2
  SwiftLint: dfd554ff0dff17288ee574814ccdd5cea85d76f7
  UpnetixLocalizer: 34d7f8ff383f6fff3079ac6ae984f12bdf1b96c8
  UpnetixSystemAlertQueue: 07ff62c5f62827c11d940893138e37300ce8471f

PODFILE CHECKSUM: 6f4480ad13655f76d68c30ddb7d194903db64e91

COCOAPODS: 1.10.0
